
Microsoft Visual Studio Solution File, Format Version 12.00
# Visual Studio 15
VisualStudioVersion = 15.0.27428.2005
MinimumVisualStudioVersion = 10.0.40219.1
Project("{FAE04EC0-301F-11D3-BF4B-00C04F79EFBC}") = "ConsoleApp1", "ConsoleApp1\ConsoleApp1.csproj", "{DCD6C8C5-9340-486C-ADB0-02F61791E283}"
EndProject
Global
	GlobalSection(SolutionConfigurationPlatforms) = preSolution
		Debug|Any CPU = Debug|Any CPU
		Release|Any CPU = Release|Any CPU
	EndGlobalSection
	GlobalSection(ProjectConfigurationPlatforms) = postSolution
		{DCD6C8C5-9340-486C-ADB0-02F61791E283}.Debug|Any CPU.ActiveCfg = Debug|Any CPU
		{DCD6C8C5-9340-486C-ADB0-02F61791E283}.Debug|Any CPU.Build.0 = Debug|Any CPU
		{DCD6C8C5-9340-486C-ADB0-02F61791E283}.Release|Any CPU.ActiveCfg = Release|Any CPU
		{DCD6C8C5-9340-486C-ADB0-02F61791E283}.Release|Any CPU.Build.0 = Release|Any CPU
	EndGlobalSection
	GlobalSection(SolutionProperties) = preSolution
		HideSolutionNode = FALSE
	EndGlobalSection
	GlobalSection(ExtensibilityGlobals) = postSolution
		SolutionGuid = {B1D24208-FBBC-425A-BC12-44840033D674}
	EndGlobalSection
EndGlobal
